{
  "name": "Freibad3",
  "lockfileVersion": 3,
  "requires": true,
  "packages": {
    "": {
      "dependencies": {
        "material-icons": "^1.13.7",
        "simple-aos": "^4.2.0"
      }
    },
    "node_modules/material-icons": {
      "version": "1.13.7",
      "resolved": "https://registry.npmjs.org/material-icons/-/material-icons-1.13.7.tgz",
      "integrity": "sha512-3gSvHUjInMhOGEjXjuz8Ux3NOl7Afgc2UtZNTb+xe9UmEv27ve2zH5a/R58R8VpyF+KMnwXwb6Liym1/1kXnVg=="
    },
    "node_modules/simple-aos": {
      "version": "4.2.0",
      "resolved": "https://registry.npmjs.org/simple-aos/-/simple-aos-4.2.0.tgz",
      "integrity": "sha512-SKhAgQbMMfUTYUPQaewzHNbDwFJcn3z/XsLDr7O/1QoXDng4SvN4xpavqcbJ57RU2ZHUr/5G94lYmiYrlXrmDg=="
    }
  }
}
